{
  "name": "Back_end",
  "lockfileVersion": 2,
  "requires": true,
  "packages": {
    "": {
      "dependencies": {
        "arcgis-js-api": "^4.27.6"
      }
    },
    "node_modules/arcgis-js-api": {
      "version": "4.27.6",
      "resolved": "https://registry.npmjs.org/arcgis-js-api/-/arcgis-js-api-4.27.6.tgz",
      "integrity": "sha512-lHYfGrtFSLLB3CGb6HfFVrgMbxXeQ9V4nvBe0z3/xY8zaV0RjHtkHiTZLm5LPL4HiP8s+Cp2JtkwobFE3WwRGw=="
    }
  },
  "dependencies": {
    "arcgis-js-api": {
      "version": "4.27.6",
      "resolved": "https://registry.npmjs.org/arcgis-js-api/-/arcgis-js-api-4.27.6.tgz",
      "integrity": "sha512-lHYfGrtFSLLB3CGb6HfFVrgMbxXeQ9V4nvBe0z3/xY8zaV0RjHtkHiTZLm5LPL4HiP8s+Cp2JtkwobFE3WwRGw=="
    }
  }
}
